<?xml version="1.0" encoding="utf-8"?>
<Project ToolsVersion="4.0" xmlns="http://schemas.microsoft.com/developer/msbuild/2003">
  <ItemGroup>
    <Filter Include="源文件">
      <UniqueIdentifier>{4FC737F1-C7A5-4376-A066-2A32D752A2FF}</UniqueIdentifier>
      <Extensions>cpp;c;cc;cxx;c++;cppm;ixx;def;odl;idl;hpj;bat;asm;asmx</Extensions>
    </Filter>
    <Filter Include="头文件">
      <UniqueIdentifier>{93995380-89BD-4b04-88EB-625FBE52EBFB}</UniqueIdentifier>
      <Extensions>h;hh;hpp;hxx;h++;hm;inl;inc;ipp;xsd</Extensions>
    </Filter>
    <Filter Include="资源文件">
      <UniqueIdentifier>{67DA6AB6-F800-4c08-8B7A-83BB121AAD01}</UniqueIdentifier>
      <Extensions>rc;ico;cur;bmp;dlg;rc2;rct;bin;rgs;gif;jpg;jpeg;jpe;resx;tiff;tif;png;wav;mfcribbon-ms</Extensions>
    </Filter>
  </ItemGroup>
  <ItemGroup>
    <ClCompile Include="Core\Context\request_budget.cpp">
      <Filter>源文件</Filter>
    </ClCompile>
    <ClCompile Include="Core\Context\request_rate_limiter.cpp">
      <Filter>源文件</Filter>
    </ClCompile>
    <ClCompile Include="Core\Context\audit_configuration.cpp">
      <Filter>源文件</Filter>
    </ClCompile>
    <ClCompile Include="Report\project_store.cpp">
      <Filter>源文件</Filter>
    </ClCompile>
    <ClCompile Include="Report\html_reporter.cpp">
      <Filter>源文件</Filter>
    </ClCompile>
    <ClCompile Include="Infrastructure\Network\http_client.cpp">
      <Filter>源文件</Filter>
    </ClCompile>
    <ClCompile Include="Core\Models\finding.cpp">
      <Filter>源文件</Filter>
    </ClCompile>
    <ClCompile Include="Infrastructure\Security\security_checks.cpp">
      <Filter>源文件</Filter>
    </ClCompile>
    <ClCompile Include="Infrastructure\Security\scope_policy.cpp">
      <Filter>源文件</Filter>
    </ClCompile>
    <ClCompile Include="Engine\Analysis\analyzer.cpp">
      <Filter>源文件</Filter>
    </ClCompile>
    <ClCompile Include="Interface\console_ui.cpp">
      <Filter>源文件</Filter>
    </ClCompile>
    <ClCompile Include="Core\Models\probe.cpp">
      <Filter>源文件</Filter>
    </ClCompile>
    <ClCompile Include="Engine\Probe\probe_engine.cpp">
      <Filter>源文件</Filter>
    </ClCompile>
    <ClCompile Include="Engine\Pipeline\pipeline.cpp">
      <Filter>源文件</Filter>
    </ClCompile>
    <ClCompile Include="Core\Models\evidence.cpp">
      <Filter>源文件</Filter>
    </ClCompile>
    <ClCompile Include="Interface\cli.cpp">
      <Filter>源文件</Filter>
    </ClCompile>
    <ClCompile Include="Interface\config_loader.cpp">
      <Filter>源文件</Filter>
    </ClCompile>
    <ClCompile Include="Report\json_reporter.cpp">
      <Filter>源文件</Filter>
    </ClCompile>
    <ClCompile Include="Core\Models\endpoint.cpp">
      <Filter>源文件</Filter>
    </ClCompile>
    <ClCompile Include="Engine\Intelligence\endpoint_intelligence.cpp">
      <Filter>源文件</Filter>
    </ClCompile>
    <ClCompile Include="Core\Models\parameter.cpp">
      <Filter>源文件</Filter>
    </ClCompile>
    <ClCompile Include="Engine\Intelligence\parameter_intelligence.cpp">
      <Filter>源文件</Filter>
    </ClCompile>
    <ClCompile Include="Engine\Intelligence\endpoint_risk_engine.cpp">
      <Filter>源文件</Filter>
    </ClCompile>
    <ClCompile Include="Engine\Probe\probe_plan.cpp">
      <Filter>源文件</Filter>
    </ClCompile>
    <ClCompile Include="Engine\Probe\probe_planner.cpp">
      <Filter>源文件</Filter>
    </ClCompile>
    <ClCompile Include="Engine\Probe\probe_executor.cpp">
      <Filter>源文件</Filter>
    </ClCompile>
    <ClCompile Include="Application\main.cpp">
      <Filter>源文件</Filter>
    </ClCompile>
    <ClCompile Include="Core\Models\probe_result.cpp">
      <Filter>源文件</Filter>
    </ClCompile>
  </ItemGroup>
  <ItemGroup>
    <ClInclude Include="Core\Context\request_budget.h">
      <Filter>头文件</Filter>
    </ClInclude>
    <ClInclude Include="Core\Context\request_rate_limiter.h">
      <Filter>头文件</Filter>
    </ClInclude>
    <ClInclude Include="Core\Context\audit_configuration.h">
      <Filter>头文件</Filter>
    </ClInclude>
    <ClInclude Include="Core\Context\project_context.h">
      <Filter>头文件</Filter>
    </ClInclude>
    <ClInclude Include="Report\project_store.h">
      <Filter>头文件</Filter>
    </ClInclude>
    <ClInclude Include="Infrastructure\Network\http_client.h">
      <Filter>头文件</Filter>
    </ClInclude>
    <ClInclude Include="Core\Models\finding.h">
      <Filter>头文件</Filter>
    </ClInclude>
    <ClInclude Include="Infrastructure\Security\security_checks.h">
      <Filter>头文件</Filter>
    </ClInclude>
    <ClInclude Include="Infrastructure\Security\scope_policy.h">
      <Filter>头文件</Filter>
    </ClInclude>
    <ClInclude Include="Engine\Analysis\analyzer.h">
      <Filter>头文件</Filter>
    </ClInclude>
    <ClInclude Include="Interface\console_ui.h">
      <Filter>头文件</Filter>
    </ClInclude>
    <ClInclude Include="Core\Models\probe.h">
      <Filter>头文件</Filter>
    </ClInclude>
    <ClInclude Include="Engine\Probe\probe_engine.h">
      <Filter>头文件</Filter>
    </ClInclude>
    <ClInclude Include="Engine\Pipeline\pipeline.h">
      <Filter>头文件</Filter>
    </ClInclude>
    <ClInclude Include="Core\Models\evidence.h">
      <Filter>头文件</Filter>
    </ClInclude>
    <ClInclude Include="Interface\cli.h">
      <Filter>头文件</Filter>
    </ClInclude>
    <ClInclude Include="Interface\config_loader.h">
      <Filter>头文件</Filter>
    </ClInclude>
    <ClInclude Include="Report\json_reporter.h">
      <Filter>头文件</Filter>
    </ClInclude>
    <ClInclude Include="Report\html_reporter.h">
      <Filter>头文件</Filter>
    </ClInclude>
    <ClInclude Include="Core\Models\endpoint.h">
      <Filter>头文件</Filter>
    </ClInclude>
    <ClInclude Include="Engine\Intelligence\endpoint_intelligence.h">
      <Filter>头文件</Filter>
    </ClInclude>
    <ClInclude Include="Core\Models\parameter.h">
      <Filter>头文件</Filter>
    </ClInclude>
    <ClInclude Include="Engine\Intelligence\parameter_intelligence.h">
      <Filter>头文件</Filter>
    </ClInclude>
    <ClInclude Include="Engine\Intelligence\endpoint_risk_engine.h">
      <Filter>头文件</Filter>
    </ClInclude>
    <ClInclude Include="Engine\Probe\probe_plan.h">
      <Filter>头文件</Filter>
    </ClInclude>
    <ClInclude Include="Engine\Probe\probe_planner.h">
      <Filter>头文件</Filter>
    </ClInclude>
    <ClInclude Include="Engine\Probe\probe_executor.h">
      <Filter>头文件</Filter>
    </ClInclude>
    <ClInclude Include="Engine\Probe\probe_task.h">
      <Filter>头文件</Filter>
    </ClInclude>
    <ClInclude Include="Core\Context\audit_context.h">
      <Filter>头文件</Filter>
    </ClInclude>
    <ClInclude Include="Core\Models\probe_result.h">
      <Filter>头文件</Filter>
    </ClInclude>
  </ItemGroup>
</Project>
